
Microsoft Visual Studio Solution File, Format Version 12.00
# Visual Studio Version 16
VisualStudioVersion = 16.0.32802.440
MinimumVisualStudioVersion = 10.0.40219.1
Project("{FAE04EC0-301F-11D3-BF4B-00C04F79EFBC}") = "Osztaly_Konyv", "..\..\..\Desktop\Konyv-master\Konyv-master\Osztaly_Konyv\Osztaly_Konyv.csproj", "{E9C67EEA-C2D4-42D4-89BF-ECE3279ACBE5}"
EndProject
Global
	GlobalSection(SolutionConfigurationPlatforms) = preSolution
		Debug|Any CPU = Debug|Any CPU
		Release|Any CPU = Release|Any CPU
	EndGlobalSection
	GlobalSection(ProjectConfigurationPlatforms) = postSolution
		{E9C67EEA-C2D4-42D4-89BF-ECE3279ACBE5}.Debug|Any CPU.ActiveCfg = Debug|Any CPU
		{E9C67EEA-C2D4-42D4-89BF-ECE3279ACBE5}.Debug|Any CPU.Build.0 = Debug|Any CPU
		{E9C67EEA-C2D4-42D4-89BF-ECE3279ACBE5}.Release|Any CPU.ActiveCfg = Release|Any CPU
		{E9C67EEA-C2D4-42D4-89BF-ECE3279ACBE5}.Release|Any CPU.Build.0 = Release|Any CPU
	EndGlobalSection
	GlobalSection(SolutionProperties) = preSolution
		HideSolutionNode = FALSE
	EndGlobalSection
	GlobalSection(ExtensibilityGlobals) = postSolution
		SolutionGuid = {7577B148-2C42-44CC-B405-BB8A56B0CBD2}
	EndGlobalSection
EndGlobal
